
Microsoft Visual Studio Solution File, Format Version 12.00
# Visual Studio 15
VisualStudioVersion = 15.0.26124.0
MinimumVisualStudioVersion = 15.0.26124.0
Project("{FAE04EC0-301F-11D3-BF4B-00C04F79EFBC}") = "API", "API\API.csproj", "{A104E715-C0D7-425A-8559-C9C497F45271}"
EndProject
Project("{FAE04EC0-301F-11D3-BF4B-00C04F79EFBC}") = "Core", "Core\Core.csproj", "{7FD9AF69-439A-45F5-8027-5284B8E69C76}"
EndProject
Project("{FAE04EC0-301F-11D3-BF4B-00C04F79EFBC}") = "Infrastructure", "Infrastructure\Infrastructure.csproj", "{D899165A-9659-41EE-A9BB-0574494ABBAB}"
EndProject
Global
	GlobalSection(SolutionConfigurationPlatforms) = preSolution
		Debug|Any CPU = Debug|Any CPU
		Debug|x64 = Debug|x64
		Debug|x86 = Debug|x86
		Release|Any CPU = Release|Any CPU
		Release|x64 = Release|x64
		Release|x86 = Release|x86
	EndGlobalSection
	GlobalSection(SolutionProperties) = preSolution
		HideSolutionNode = FALSE
	EndGlobalSection
	GlobalSection(ProjectConfigurationPlatforms) = postSolution
		{A104E715-C0D7-425A-8559-C9C497F45271}.Debug|Any CPU.ActiveCfg = Debug|Any CPU
		{A104E715-C0D7-425A-8559-C9C497F45271}.Debug|Any CPU.Build.0 = Debug|Any CPU
		{A104E715-C0D7-425A-8559-C9C497F45271}.Debug|x64.ActiveCfg = Debug|Any CPU
		{A104E715-C0D7-425A-8559-C9C497F45271}.Debug|x64.Build.0 = Debug|Any CPU
		{A104E715-C0D7-425A-8559-C9C497F45271}.Debug|x86.ActiveCfg = Debug|Any CPU
		{A104E715-C0D7-425A-8559-C9C497F45271}.Debug|x86.Build.0 = Debug|Any CPU
		{A104E715-C0D7-425A-8559-C9C497F45271}.Release|Any CPU.ActiveCfg = Release|Any CPU
		{A104E715-C0D7-425A-8559-C9C497F45271}.Release|Any CPU.Build.0 = Release|Any CPU
		{A104E715-C0D7-425A-8559-C9C497F45271}.Release|x64.ActiveCfg = Release|Any CPU
		{A104E715-C0D7-425A-8559-C9C497F45271}.Release|x64.Build.0 = Release|Any CPU
		{A104E715-C0D7-425A-8559-C9C497F45271}.Release|x86.ActiveCfg = Release|Any CPU
		{A104E715-C0D7-425A-8559-C9C497F45271}.Release|x86.Build.0 = Release|Any CPU
		{7FD9AF69-439A-45F5-8027-5284B8E69C76}.Debug|Any CPU.ActiveCfg = Debug|Any CPU
		{7FD9AF69-439A-45F5-8027-5284B8E69C76}.Debug|Any CPU.Build.0 = Debug|Any CPU
		{7FD9AF69-439A-45F5-8027-5284B8E69C76}.Debug|x64.ActiveCfg = Debug|Any CPU
		{7FD9AF69-439A-45F5-8027-5284B8E69C76}.Debug|x64.Build.0 = Debug|Any CPU
		{7FD9AF69-439A-45F5-8027-5284B8E69C76}.Debug|x86.ActiveCfg = Debug|Any CPU
		{7FD9AF69-439A-45F5-8027-5284B8E69C76}.Debug|x86.Build.0 = Debug|Any CPU
		{7FD9AF69-439A-45F5-8027-5284B8E69C76}.Release|Any CPU.ActiveCfg = Release|Any CPU
		{7FD9AF69-439A-45F5-8027-5284B8E69C76}.Release|Any CPU.Build.0 = Release|Any CPU
		{7FD9AF69-439A-45F5-8027-5284B8E69C76}.Release|x64.ActiveCfg = Release|Any CPU
		{7FD9AF69-439A-45F5-8027-5284B8E69C76}.Release|x64.Build.0 = Release|Any CPU
		{7FD9AF69-439A-45F5-8027-5284B8E69C76}.Release|x86.ActiveCfg = Release|Any CPU
		{7FD9AF69-439A-45F5-8027-5284B8E69C76}.Release|x86.Build.0 = Release|Any CPU
		{D899165A-9659-41EE-A9BB-0574494ABBAB}.Debug|Any CPU.ActiveCfg = Debug|Any CPU
		{D899165A-9659-41EE-A9BB-0574494ABBAB}.Debug|Any CPU.Build.0 = Debug|Any CPU
		{D899165A-9659-41EE-A9BB-0574494ABBAB}.Debug|x64.ActiveCfg = Debug|Any CPU
		{D899165A-9659-41EE-A9BB-0574494ABBAB}.Debug|x64.Build.0 = Debug|Any CPU
		{D899165A-9659-41EE-A9BB-0574494ABBAB}.Debug|x86.ActiveCfg = Debug|Any CPU
		{D899165A-9659-41EE-A9BB-0574494ABBAB}.Debug|x86.Build.0 = Debug|Any CPU
		{D899165A-9659-41EE-A9BB-0574494ABBAB}.Release|Any CPU.ActiveCfg = Release|Any CPU
		{D899165A-9659-41EE-A9BB-0574494ABBAB}.Release|Any CPU.Build.0 = Release|Any CPU
		{D899165A-9659-41EE-A9BB-0574494ABBAB}.Release|x64.ActiveCfg = Release|Any CPU
		{D899165A-9659-41EE-A9BB-0574494ABBAB}.Release|x64.Build.0 = Release|Any CPU
		{D899165A-9659-41EE-A9BB-0574494ABBAB}.Release|x86.ActiveCfg = Release|Any CPU
		{D899165A-9659-41EE-A9BB-0574494ABBAB}.Release|x86.Build.0 = Release|Any CPU
	EndGlobalSection
EndGlobal
